
Microsoft Visual Studio Solution File, Format Version 12.00
# Visual Studio 15
VisualStudioVersion = 15.0.26730.15
MinimumVisualStudioVersion = 10.0.40219.1
Project("{FAE04EC0-301F-11D3-BF4B-00C04F79EFBC}") = "RCPSharp", "RCPSharp.csproj", "{642C1ECC-23BB-4B57-B9DA-228096B16847}"
EndProject
Global
	GlobalSection(SolutionConfigurationPlatforms) = preSolution
		Debug|Any CPU = Debug|Any CPU
		Release|Any CPU = Release|Any CPU
	EndGlobalSection
	GlobalSection(ProjectConfigurationPlatforms) = postSolution
		{642C1ECC-23BB-4B57-B9DA-228096B16847}.Debug|Any CPU.ActiveCfg = Debug|Any CPU
		{642C1ECC-23BB-4B57-B9DA-228096B16847}.Debug|Any CPU.Build.0 = Debug|Any CPU
		{642C1ECC-23BB-4B57-B9DA-228096B16847}.Release|Any CPU.ActiveCfg = Release|Any CPU
		{642C1ECC-23BB-4B57-B9DA-228096B16847}.Release|Any CPU.Build.0 = Release|Any CPU
	EndGlobalSection
	GlobalSection(SolutionProperties) = preSolution
		HideSolutionNode = FALSE
	EndGlobalSection
	GlobalSection(ExtensibilityGlobals) = postSolution
		SolutionGuid = {8A7A1790-F84C-4C59-8651-0E4232300510}
	EndGlobalSection
EndGlobal
