
Microsoft Visual Studio Solution File, Format Version 12.00
# Visual Studio Version 16
VisualStudioVersion = 16.0.30002.166
MinimumVisualStudioVersion = 10.0.40219.1
Project("{FAE04EC0-301F-11D3-BF4B-00C04F79EFBC}") = "RCPSharp", "RCPSharp.csproj", "{0CB7A4CF-101E-4120-890F-CCC4C9D99771}"
EndProject
Global
	GlobalSection(SolutionConfigurationPlatforms) = preSolution
		Debug|Any CPU = Debug|Any CPU
		Release|Any CPU = Release|Any CPU
	EndGlobalSection
	GlobalSection(ProjectConfigurationPlatforms) = postSolution
		{0CB7A4CF-101E-4120-890F-CCC4C9D99771}.Debug|Any CPU.ActiveCfg = Debug|Any CPU
		{0CB7A4CF-101E-4120-890F-CCC4C9D99771}.Debug|Any CPU.Build.0 = Debug|Any CPU
		{0CB7A4CF-101E-4120-890F-CCC4C9D99771}.Release|Any CPU.ActiveCfg = Release|Any CPU
		{0CB7A4CF-101E-4120-890F-CCC4C9D99771}.Release|Any CPU.Build.0 = Release|Any CPU
	EndGlobalSection
	GlobalSection(SolutionProperties) = preSolution
		HideSolutionNode = FALSE
	EndGlobalSection
	GlobalSection(ExtensibilityGlobals) = postSolution
		SolutionGuid = {B732C63C-61CB-4B8B-A319-BD4C928CBD2C}
	EndGlobalSection
EndGlobal
